github.com/davecgh/go-spew v1.1.1 h1:vj9j/u1bqnvCEfJOwUhtlOARqs3+rkHYY13jYWTU97c=
github.com/gorilla/mux v1.8.1 h1:TuBL49tXwgrFYWhqrNgrUNEY92u81SPhu7sTdzQEiWY=
github.com/gorilla/mux v1.8.1/go.mod h1:AKf9I4AEqPTmMytcMc0KkNouC66V3BtZ4qD5fmWSiMQ=
github.com/mmorejon/microservices-docker-go-mongodb/bookings v0.0.0-20231210185510-44dc85ee7569 h1:5QTs7IF7t8Pp6XR679MiCI2StZ7uxFtVljBmaEKlY1A=
github.com/mmorejon/microservices-docker-go-mongodb/bookings v0.0.0-20231210185510-44dc85ee7569/go.mod h1:KNZOslHGlqJsYMQn58FtsC8rcPU1MMrHOaWby8VZ6kw=
github.com/mmorejon/microservices-docker-go-mongodb/movies v0.0.0-20231210185510-44dc85ee7569 h1:SdH7kNa0N45zNsC1vk2pPnfzMfwkt83UlRZo47XVdDg=
github.com/mmorejon/microservices-docker-go-mongodb/movies v0.0.0-20231210185510-44dc85ee7569/go.mod h1:HTXApIBkJENd2JCyTvyyYsCq3weBbGG7C8J/5N+GcFw=
github.com/mmorejon/microservices-docker-go-mongodb/showtimes v0.0.0-20231210185510-44dc85ee7569 h1:RX6Y6Hd32IJXf5ENowVFSslIaS7wkMS8E+1nMgEFv3U=
github.com/mmorejon/microservices-docker-go-mongodb/showtimes v0.0.0-20231210185510-44dc85ee7569/go.mod h1:ApxQ0yU3eSRwyMthUt1TnnylC+U9/Wa4vSEwpxCRLNY=
github.com/mmorejon/microservices-docker-go-mongodb/users v0.0.0-20231210185510-44dc85ee7569 h1:bReSPuFsfFb7mf0On2/CiroVv15Q4WI5aF8ICW25JAg=
github.com/mmorejon/microservices-docker-go-mongodb/users v0.0.0-20231210185510-44dc85ee7569/go.mod h1:S4H/NUlvlOTCPnjlN4KvHpqIywLAvwqWKVKALa4AeBY=
go.mongodb.org/mongo-driver v1.17.1 h1:Wic5cJIwJgSpBhe3lx3+/RybR5PiYRMpVFgO7cOHyIM=
go.mongodb.org/mongo-driver v1.17.1/go.mod h1:wwWm/+BuOddhcq3n68LKRmgk2wXzmF6s0SFOa0GINL4=
